
Microsoft Visual Studio Solution File, Format Version 12.00
# Visual Studio Version 17
VisualStudioVersion = 17.4.33110.190
MinimumVisualStudioVersion = 10.0.40219.1
Project("{FAE04EC0-301F-11D3-BF4B-00C04F79EFBC}") = "TRMDataManager", "TRMDataManager\TRMDataManager.csproj", "{231C8AEC-8EC1-44EB-95A3-5FF06A2BC48B}"
EndProject
Global
	GlobalSection(SolutionConfigurationPlatforms) = preSolution
		Debug|Any CPU = Debug|Any CPU
		Release|Any CPU = Release|Any CPU
	EndGlobalSection
	GlobalSection(ProjectConfigurationPlatforms) = postSolution
		{231C8AEC-8EC1-44EB-95A3-5FF06A2BC48B}.Debug|Any CPU.ActiveCfg = Debug|Any CPU
		{231C8AEC-8EC1-44EB-95A3-5FF06A2BC48B}.Debug|Any CPU.Build.0 = Debug|Any CPU
		{231C8AEC-8EC1-44EB-95A3-5FF06A2BC48B}.Release|Any CPU.ActiveCfg = Release|Any CPU
		{231C8AEC-8EC1-44EB-95A3-5FF06A2BC48B}.Release|Any CPU.Build.0 = Release|Any CPU
	EndGlobalSection
	GlobalSection(SolutionProperties) = preSolution
		HideSolutionNode = FALSE
	EndGlobalSection
	GlobalSection(ExtensibilityGlobals) = postSolution
		SolutionGuid = {124AB4C1-5307-4559-831F-F67158E72D91}
	EndGlobalSection
EndGlobal
